// !$*UTF8*$!
{
	archiveVersion = 1;
	classes = {
	};
	objectVersion = 46;
	objects = {

/* Begin PBXBuildFile section */
		4374A64D137C7D6E003F7907 /* Cocoa.framework in Frameworks */ = {isa = PBXBuildFile; fileRef = 4374A64C137C7D6E003F7907 /* Cocoa.framework */; };
		4374A65F137C7E50003F7907 /* OpenAL.framework in Frameworks */ = {isa = PBXBuildFile; fileRef = 4374A65E137C7E50003F7907 /* OpenAL.framework */; };
		4374A661137C7E55003F7907 /* OpenGL.framework in Frameworks */ = {isa = PBXBuildFile; fileRef = 4374A660137C7E55003F7907 /* OpenGL.framework */; };
		4374A6AA137C7E9C003F7907 /* AnimatedQuad.h in Headers */ = {isa = PBXBuildFile; fileRef = 4374A663137C7E9C003F7907 /* AnimatedQuad.h */; settings = {ATTRIBUTES = (Public, ); }; };
		4374A6AB137C7E9C003F7907 /* Array.h in Headers */ = {isa = PBXBuildFile; fileRef = 4374A664137C7E9C003F7907 /* Array.h */; settings = {ATTRIBUTES = (Public, ); }; };
		4374A6AC137C7E9C003F7907 /* BaseObject.h in Headers */ = {isa = PBXBuildFile; fileRef = 4374A665137C7E9C003F7907 /* BaseObject.h */; settings = {ATTRIBUTES = (Public, ); }; };
		4374A6AD137C7E9C003F7907 /* Buffer.h in Headers */ = {isa = PBXBuildFile; fileRef = 4374A666137C7E9C003F7907 /* Buffer.h */; settings = {ATTRIBUTES = (Public, ); }; };
		4374A6AE137C7E9C003F7907 /* Color.h in Headers */ = {isa = PBXBuildFile; fileRef = 4374A667137C7E9C003F7907 /* Color.h */; settings = {ATTRIBUTES = (Public, ); }; };
		4374A6AF137C7E9C003F7907 /* dojo_common_header.h in Headers */ = {isa = PBXBuildFile; fileRef = 4374A668137C7E9C003F7907 /* dojo_common_header.h */; settings = {ATTRIBUTES = (Public, ); }; };
		4374A6B0137C7E9C003F7907 /* dojo_config.h in Headers */ = {isa = PBXBuildFile; fileRef = 4374A669137C7E9C003F7907 /* dojo_config.h */; settings = {ATTRIBUTES = (Public, ); }; };
		4374A6B1137C7E9C003F7907 /* dojomath.h in Headers */ = {isa = PBXBuildFile; fileRef = 4374A66A137C7E9C003F7907 /* dojomath.h */; settings = {ATTRIBUTES = (Public, ); }; };
		4374A6B2137C7E9C003F7907 /* Font.h in Headers */ = {isa = PBXBuildFile; fileRef = 4374A66B137C7E9C003F7907 /* Font.h */; settings = {ATTRIBUTES = (Public, ); }; };
		4374A6B3137C7E9C003F7907 /* FrameSet.h in Headers */ = {isa = PBXBuildFile; fileRef = 4374A66C137C7E9C003F7907 /* FrameSet.h */; settings = {ATTRIBUTES = (Public, ); }; };
		4374A6B4137C7E9C003F7907 /* Game.h in Headers */ = {isa = PBXBuildFile; fileRef = 4374A66D137C7E9C003F7907 /* Game.h */; settings = {ATTRIBUTES = (Public, ); }; };
		4374A6B5137C7E9C003F7907 /* GameState.h in Headers */ = {isa = PBXBuildFile; fileRef = 4374A66E137C7E9C003F7907 /* GameState.h */; settings = {ATTRIBUTES = (Public, ); }; };
		4374A6B6137C7E9C003F7907 /* Mesh.h in Headers */ = {isa = PBXBuildFile; fileRef = 4374A66F137C7E9C003F7907 /* Mesh.h */; settings = {ATTRIBUTES = (Public, ); }; };
		4374A6B7137C7E9C003F7907 /* Model.h in Headers */ = {isa = PBXBuildFile; fileRef = 4374A670137C7E9C003F7907 /* Model.h */; settings = {ATTRIBUTES = (Public, ); }; };
		4374A6B8137C7E9C003F7907 /* Object.h in Headers */ = {isa = PBXBuildFile; fileRef = 4374A671137C7E9C003F7907 /* Object.h */; settings = {ATTRIBUTES = (Public, ); }; };
		4374A6B9137C7E9C003F7907 /* Particle.h in Headers */ = {isa = PBXBuildFile; fileRef = 4374A672137C7E9C003F7907 /* Particle.h */; settings = {ATTRIBUTES = (Public, ); }; };
		4374A6BA137C7E9C003F7907 /* ParticlePool.h in Headers */ = {isa = PBXBuildFile; fileRef = 4374A673137C7E9C003F7907 /* ParticlePool.h */; settings = {ATTRIBUTES = (Public, ); }; };
		4374A6BB137C7E9C003F7907 /* Platform.h in Headers */ = {isa = PBXBuildFile; fileRef = 4374A674137C7E9C003F7907 /* Platform.h */; settings = {ATTRIBUTES = (Public, ); }; };
		4374A6BC137C7E9C003F7907 /* Render.h in Headers */ = {isa = PBXBuildFile; fileRef = 4374A675137C7E9C003F7907 /* Render.h */; settings = {ATTRIBUTES = (Public, ); }; };
		4374A6BD137C7E9C003F7907 /* Renderable.h in Headers */ = {isa = PBXBuildFile; fileRef = 4374A676137C7E9C003F7907 /* Renderable.h */; settings = {ATTRIBUTES = (Public, ); }; };
		4374A6BE137C7E9C003F7907 /* RenderState.h in Headers */ = {isa = PBXBuildFile; fileRef = 4374A677137C7E9C003F7907 /* RenderState.h */; settings = {ATTRIBUTES = (Public, ); }; };
		4374A6BF137C7E9C003F7907 /* ResourceGroup.h in Headers */ = {isa = PBXBuildFile; fileRef = 4374A678137C7E9C003F7907 /* ResourceGroup.h */; settings = {ATTRIBUTES = (Public, ); }; };
		4374A6C0137C7E9C003F7907 /* Serializable.h in Headers */ = {isa = PBXBuildFile; fileRef = 4374A679137C7E9C003F7907 /* Serializable.h */; settings = {ATTRIBUTES = (Public, ); }; };
		4374A6C1137C7E9C003F7907 /* SoundBuffer.h in Headers */ = {isa = PBXBuildFile; fileRef = 4374A67A137C7E9C003F7907 /* SoundBuffer.h */; settings = {ATTRIBUTES = (Public, ); }; };
		4374A6C2137C7E9C003F7907 /* SoundManager.h in Headers */ = {isa = PBXBuildFile; fileRef = 4374A67B137C7E9C003F7907 /* SoundManager.h */; settings = {ATTRIBUTES = (Public, ); }; };
		4374A6C3137C7E9C003F7907 /* SoundSet.h in Headers */ = {isa = PBXBuildFile; fileRef = 4374A67C137C7E9C003F7907 /* SoundSet.h */; settings = {ATTRIBUTES = (Public, ); }; };
		4374A6C4137C7E9C003F7907 /* SoundSource.h in Headers */ = {isa = PBXBuildFile; fileRef = 4374A67D137C7E9C003F7907 /* SoundSource.h */; settings = {ATTRIBUTES = (Public, ); }; };
		4374A6C5137C7E9C003F7907 /* Sprite.h in Headers */ = {isa = PBXBuildFile; fileRef = 4374A67E137C7E9C003F7907 /* Sprite.h */; settings = {ATTRIBUTES = (Public, ); }; };
		4374A6C6137C7E9C003F7907 /* StateInterface.h in Headers */ = {isa = PBXBuildFile; fileRef = 4374A67F137C7E9C003F7907 /* StateInterface.h */; settings = {ATTRIBUTES = (Public, ); }; };
		4374A6C7137C7E9C003F7907 /* stdafx.h in Headers */ = {isa = PBXBuildFile; fileRef = 4374A680137C7E9C003F7907 /* stdafx.h */; settings = {ATTRIBUTES = (Public, ); }; };
		4374A6C8137C7E9C003F7907 /* Table.h in Headers */ = {isa = PBXBuildFile; fileRef = 4374A681137C7E9C003F7907 /* Table.h */; settings = {ATTRIBUTES = (Public, ); }; };
		4374A6C9137C7E9C003F7907 /* TextArea.h in Headers */ = {isa = PBXBuildFile; fileRef = 4374A682137C7E9C003F7907 /* TextArea.h */; settings = {ATTRIBUTES = (Public, ); }; };
		4374A6CA137C7E9C003F7907 /* Texture.h in Headers */ = {isa = PBXBuildFile; fileRef = 4374A683137C7E9C003F7907 /* Texture.h */; settings = {ATTRIBUTES = (Public, ); }; };
		4374A6CB137C7E9C003F7907 /* Timer.h in Headers */ = {isa = PBXBuildFile; fileRef = 4374A684137C7E9C003F7907 /* Timer.h */; settings = {ATTRIBUTES = (Public, ); }; };
		4374A6CC137C7E9C003F7907 /* TouchSource.h in Headers */ = {isa = PBXBuildFile; fileRef = 4374A685137C7E9C003F7907 /* TouchSource.h */; settings = {ATTRIBUTES = (Public, ); }; };
		4374A6CD137C7E9C003F7907 /* Trail.h in Headers */ = {isa = PBXBuildFile; fileRef = 4374A686137C7E9C003F7907 /* Trail.h */; settings = {ATTRIBUTES = (Public, ); }; };
		4374A6CE137C7E9C003F7907 /* Utils.h in Headers */ = {isa = PBXBuildFile; fileRef = 4374A687137C7E9C003F7907 /* Utils.h */; settings = {ATTRIBUTES = (Public, ); }; };
		4374A6CF137C7E9C003F7907 /* Vector.h in Headers */ = {isa = PBXBuildFile; fileRef = 4374A688137C7E9C003F7907 /* Vector.h */; settings = {ATTRIBUTES = (Public, ); }; };
		4374A6D0137C7E9C003F7907 /* Viewport.h in Headers */ = {isa = PBXBuildFile; fileRef = 4374A689137C7E9C003F7907 /* Viewport.h */; settings = {ATTRIBUTES = (Public, ); }; };
		4374A6D1137C7E9C003F7907 /* Dojo-Info.plist in Resources */ = {isa = PBXBuildFile; fileRef = 4374A68B137C7E9C003F7907 /* Dojo-Info.plist */; };
		4374A6D2137C7E9C003F7907 /* Dojo-Prefix.pch in Headers */ = {isa = PBXBuildFile; fileRef = 4374A68C137C7E9C003F7907 /* Dojo-Prefix.pch */; settings = {ATTRIBUTES = (); }; };
		4374A6D3137C7E9C003F7907 /* OSXPlatform.h in Headers */ = {isa = PBXBuildFile; fileRef = 4374A68D137C7E9C003F7907 /* OSXPlatform.h */; settings = {ATTRIBUTES = (); }; };
		4374A6D4137C7E9C003F7907 /* OSXPlatform.mm in Sources */ = {isa = PBXBuildFile; fileRef = 4374A68E137C7E9C003F7907 /* OSXPlatform.mm */; };
		4374A6D5137C7E9C003F7907 /* AnimatedQuad.cpp in Sources */ = {isa = PBXBuildFile; fileRef = 4374A690137C7E9C003F7907 /* AnimatedQuad.cpp */; };
		4374A6D6137C7E9C003F7907 /* Color.cpp in Sources */ = {isa = PBXBuildFile; fileRef = 4374A691137C7E9C003F7907 /* Color.cpp */; };
		4374A6D7137C7E9C003F7907 /* dojomath.cpp in Sources */ = {isa = PBXBuildFile; fileRef = 4374A692137C7E9C003F7907 /* dojomath.cpp */; };
		4374A6D8137C7E9C003F7907 /* Font.cpp in Sources */ = {isa = PBXBuildFile; fileRef = 4374A693137C7E9C003F7907 /* Font.cpp */; };
		4374A6D9137C7E9C003F7907 /* FrameSet.cpp in Sources */ = {isa = PBXBuildFile; fileRef = 4374A694137C7E9C003F7907 /* FrameSet.cpp */; };
		4374A6DA137C7E9C003F7907 /* Game.cpp in Sources */ = {isa = PBXBuildFile; fileRef = 4374A695137C7E9C003F7907 /* Game.cpp */; };
		4374A6DB137C7E9C003F7907 /* GameState.cpp in Sources */ = {isa = PBXBuildFile; fileRef = 4374A696137C7E9C003F7907 /* GameState.cpp */; };
		4374A6DC137C7E9C003F7907 /* Mesh.cpp in Sources */ = {isa = PBXBuildFile; fileRef = 4374A697137C7E9C003F7907 /* Mesh.cpp */; };
		4374A6DD137C7E9C003F7907 /* Object.cpp in Sources */ = {isa = PBXBuildFile; fileRef = 4374A698137C7E9C003F7907 /* Object.cpp */; };
		4374A6DE137C7E9C003F7907 /* ParticlePool.cpp in Sources */ = {isa = PBXBuildFile; fileRef = 4374A699137C7E9C003F7907 /* ParticlePool.cpp */; };
		4374A6DF137C7E9C003F7907 /* Platform.cpp in Sources */ = {isa = PBXBuildFile; fileRef = 4374A69A137C7E9C003F7907 /* Platform.cpp */; };
		4374A6E0137C7E9C003F7907 /* Render.cpp in Sources */ = {isa = PBXBuildFile; fileRef = 4374A69B137C7E9C003F7907 /* Render.cpp */; };
		4374A6E1137C7E9C003F7907 /* Renderable.cpp in Sources */ = {isa = PBXBuildFile; fileRef = 4374A69C137C7E9C003F7907 /* Renderable.cpp */; };
		4374A6E2137C7E9C003F7907 /* RenderState.cpp in Sources */ = {isa = PBXBuildFile; fileRef = 4374A69D137C7E9C003F7907 /* RenderState.cpp */; };
		4374A6E3137C7E9C003F7907 /* ResourceGroup.cpp in Sources */ = {isa = PBXBuildFile; fileRef = 4374A69E137C7E9C003F7907 /* ResourceGroup.cpp */; };
		4374A6E4137C7E9C003F7907 /* SoundBuffer.cpp in Sources */ = {isa = PBXBuildFile; fileRef = 4374A69F137C7E9C003F7907 /* SoundBuffer.cpp */; };
		4374A6E5137C7E9C003F7907 /* SoundManager.cpp in Sources */ = {isa = PBXBuildFile; fileRef = 4374A6A0137C7E9C003F7907 /* SoundManager.cpp */; };
		4374A6E6137C7E9C003F7907 /* SoundSource.cpp in Sources */ = {isa = PBXBuildFile; fileRef = 4374A6A1137C7E9C003F7907 /* SoundSource.cpp */; };
		4374A6E7137C7E9C003F7907 /* Sprite.cpp in Sources */ = {isa = PBXBuildFile; fileRef = 4374A6A2137C7E9C003F7907 /* Sprite.cpp */; };
		4374A6E8137C7E9C003F7907 /* Table.cpp in Sources */ = {isa = PBXBuildFile; fileRef = 4374A6A3137C7E9C003F7907 /* Table.cpp */; };
		4374A6E9137C7E9C003F7907 /* TextArea.cpp in Sources */ = {isa = PBXBuildFile; fileRef = 4374A6A4137C7E9C003F7907 /* TextArea.cpp */; };
		4374A6EA137C7E9C003F7907 /* Texture.cpp in Sources */ = {isa = PBXBuildFile; fileRef = 4374A6A5137C7E9C003F7907 /* Texture.cpp */; };
		4374A6EB137C7E9C003F7907 /* TouchSource.cpp in Sources */ = {isa = PBXBuildFile; fileRef = 4374A6A6137C7E9C003F7907 /* TouchSource.cpp */; };
		4374A6EC137C7E9C003F7907 /* Trail.cpp in Sources */ = {isa = PBXBuildFile; fileRef = 4374A6A7137C7E9C003F7907 /* Trail.cpp */; };
		4374A6ED137C7E9C003F7907 /* Vector.cpp in Sources */ = {isa = PBXBuildFile; fileRef = 4374A6A8137C7E9C003F7907 /* Vector.cpp */; };
		4374A6EE137C7E9C003F7907 /* Viewport.cpp in Sources */ = {isa = PBXBuildFile; fileRef = 4374A6A9137C7E9C003F7907 /* Viewport.cpp */; };
/* End PBXBuildFile section */

/* Begin PBXFileReference section */
		4374A649137C7D6E003F7907 /* dojo.framework */ = {isa = PBXFileReference; explicitFileType = wrapper.framework; includeInIndex = 0; path = dojo.framework; sourceTree = BUILT_PRODUCTS_DIR; };
		4374A64C137C7D6E003F7907 /* Cocoa.framework */ = {isa = PBXFileReference; lastKnownFileType = wrapper.framework; name = Cocoa.framework; path = System/Library/Frameworks/Cocoa.framework; sourceTree = SDKROOT; };
		4374A64F137C7D6E003F7907 /* AppKit.framework */ = {isa = PBXFileReference; lastKnownFileType = wrapper.framework; name = AppKit.framework; path = System/Library/Frameworks/AppKit.framework; sourceTree = SDKROOT; };
		4374A650137C7D6E003F7907 /* CoreData.framework */ = {isa = PBXFileReference; lastKnownFileType = wrapper.framework; name = CoreData.framework; path = System/Library/Frameworks/CoreData.framework; sourceTree = SDKROOT; };
		4374A651137C7D6E003F7907 /* Foundation.framework */ = {isa = PBXFileReference; lastKnownFileType = wrapper.framework; name = Foundation.framework; path = System/Library/Frameworks/Foundation.framework; sourceTree = SDKROOT; };
		4374A65E137C7E50003F7907 /* OpenAL.framework */ = {isa = PBXFileReference; lastKnownFileType = wrapper.framework; name = OpenAL.framework; path = System/Library/Frameworks/OpenAL.framework; sourceTree = SDKROOT; };
		4374A660137C7E55003F7907 /* OpenGL.framework */ = {isa = PBXFileReference; lastKnownFileType = wrapper.framework; name = OpenGL.framework; path = System/Library/Frameworks/OpenGL.framework; sourceTree = SDKROOT; };
		4374A663137C7E9C003F7907 /* AnimatedQuad.h */ = {isa = PBXFileReference; fileEncoding = 4; lastKnownFileType = sourcecode.c.h; path = AnimatedQuad.h; sourceTree = "<group>"; };
		4374A664137C7E9C003F7907 /* Array.h */ = {isa = PBXFileReference; fileEncoding = 4; lastKnownFileType = sourcecode.c.h; path = Array.h; sourceTree = "<group>"; };
		4374A665137C7E9C003F7907 /* BaseObject.h */ = {isa = PBXFileReference; fileEncoding = 4; lastKnownFileType = sourcecode.c.h; path = BaseObject.h; sourceTree = "<group>"; };
		4374A666137C7E9C003F7907 /* Buffer.h */ = {isa = PBXFileReference; fileEncoding = 4; lastKnownFileType = sourcecode.c.h; path = Buffer.h; sourceTree = "<group>"; };
		4374A667137C7E9C003F7907 /* Color.h */ = {isa = PBXFileReference; fileEncoding = 4; lastKnownFileType = sourcecode.c.h; path = Color.h; sourceTree = "<group>"; };
		4374A668137C7E9C003F7907 /* dojo_common_header.h */ = {isa = PBXFileReference; fileEncoding = 4; lastKnownFileType = sourcecode.c.h; path = dojo_common_header.h; sourceTree = "<group>"; };
		4374A669137C7E9C003F7907 /* dojo_config.h */ = {isa = PBXFileReference; fileEncoding = 4; lastKnownFileType = sourcecode.c.h; path = dojo_config.h; sourceTree = "<group>"; };
		4374A66A137C7E9C003F7907 /* dojomath.h */ = {isa = PBXFileReference; fileEncoding = 4; lastKnownFileType = sourcecode.c.h; path = dojomath.h; sourceTree = "<group>"; };
		4374A66B137C7E9C003F7907 /* Font.h */ = {isa = PBXFileReference; fileEncoding = 4; lastKnownFileType = sourcecode.c.h; path = Font.h; sourceTree = "<group>"; };
		4374A66C137C7E9C003F7907 /* FrameSet.h */ = {isa = PBXFileReference; fileEncoding = 4; lastKnownFileType = sourcecode.c.h; path = FrameSet.h; sourceTree = "<group>"; };
		4374A66D137C7E9C003F7907 /* Game.h */ = {isa = PBXFileReference; fileEncoding = 4; lastKnownFileType = sourcecode.c.h; path = Game.h; sourceTree = "<group>"; };
		4374A66E137C7E9C003F7907 /* GameState.h */ = {isa = PBXFileReference; fileEncoding = 4; lastKnownFileType = sourcecode.c.h; path = GameState.h; sourceTree = "<group>"; };
		4374A66F137C7E9C003F7907 /* Mesh.h */ = {isa = PBXFileReference; fileEncoding = 4; lastKnownFileType = sourcecode.c.h; path = Mesh.h; sourceTree = "<group>"; };
		4374A670137C7E9C003F7907 /* Model.h */ = {isa = PBXFileReference; fileEncoding = 4; lastKnownFileType = sourcecode.c.h; path = Model.h; sourceTree = "<group>"; };
		4374A671137C7E9C003F7907 /* Object.h */ = {isa = PBXFileReference; fileEncoding = 4; lastKnownFileType = sourcecode.c.h; path = Object.h; sourceTree = "<group>"; };
		4374A672137C7E9C003F7907 /* Particle.h */ = {isa = PBXFileReference; fileEncoding = 4; lastKnownFileType = sourcecode.c.h; path = Particle.h; sourceTree = "<group>"; };
		4374A673137C7E9C003F7907 /* ParticlePool.h */ = {isa = PBXFileReference; fileEncoding = 4; lastKnownFileType = sourcecode.c.h; path = ParticlePool.h; sourceTree = "<group>"; };
		4374A674137C7E9C003F7907 /* Platform.h */ = {isa = PBXFileReference; fileEncoding = 4; lastKnownFileType = sourcecode.c.h; path = Platform.h; sourceTree = "<group>"; };
		4374A675137C7E9C003F7907 /* Render.h */ = {isa = PBXFileReference; fileEncoding = 4; lastKnownFileType = sourcecode.c.h; path = Render.h; sourceTree = "<group>"; };
		4374A676137C7E9C003F7907 /* Renderable.h */ = {isa = PBXFileReference; fileEncoding = 4; lastKnownFileType = sourcecode.c.h; path = Renderable.h; sourceTree = "<group>"; };
		4374A677137C7E9C003F7907 /* RenderState.h */ = {isa = PBXFileReference; fileEncoding = 4; lastKnownFileType = sourcecode.c.h; path = RenderState.h; sourceTree = "<group>"; };
		4374A678137C7E9C003F7907 /* ResourceGroup.h */ = {isa = PBXFileReference; fileEncoding = 4; lastKnownFileType = sourcecode.c.h; path = ResourceGroup.h; sourceTree = "<group>"; };
		4374A679137C7E9C003F7907 /* Serializable.h */ = {isa = PBXFileReference; fileEncoding = 4; lastKnownFileType = sourcecode.c.h; path = Serializable.h; sourceTree = "<group>"; };
		4374A67A137C7E9C003F7907 /* SoundBuffer.h */ = {isa = PBXFileReference; fileEncoding = 4; lastKnownFileType = sourcecode.c.h; path = SoundBuffer.h; sourceTree = "<group>"; };
		4374A67B137C7E9C003F7907 /* SoundManager.h */ = {isa = PBXFileReference; fileEncoding = 4; lastKnownFileType = sourcecode.c.h; path = SoundManager.h; sourceTree = "<group>"; };
		4374A67C137C7E9C003F7907 /* SoundSet.h */ = {isa = PBXFileReference; fileEncoding = 4; lastKnownFileType = sourcecode.c.h; path = SoundSet.h; sourceTree = "<group>"; };
		4374A67D137C7E9C003F7907 /* SoundSource.h */ = {isa = PBXFileReference; fileEncoding = 4; lastKnownFileType = sourcecode.c.h; path = SoundSource.h; sourceTree = "<group>"; };
		4374A67E137C7E9C003F7907 /* Sprite.h */ = {isa = PBXFileReference; fileEncoding = 4; lastKnownFileType = sourcecode.c.h; path = Sprite.h; sourceTree = "<group>"; };
		4374A67F137C7E9C003F7907 /* StateInterface.h */ = {isa = PBXFileReference; fileEncoding = 4; lastKnownFileType = sourcecode.c.h; path = StateInterface.h; sourceTree = "<group>"; };
		4374A680137C7E9C003F7907 /* stdafx.h */ = {isa = PBXFileReference; fileEncoding = 4; lastKnownFileType = sourcecode.c.h; path = stdafx.h; sourceTree = "<group>"; };
		4374A681137C7E9C003F7907 /* Table.h */ = {isa = PBXFileReference; fileEncoding = 4; lastKnownFileType = sourcecode.c.h; path = Table.h; sourceTree = "<group>"; };
		4374A682137C7E9C003F7907 /* TextArea.h */ = {isa = PBXFileReference; fileEncoding = 4; lastKnownFileType = sourcecode.c.h; path = TextArea.h; sourceTree = "<group>"; };
		4374A683137C7E9C003F7907 /* Texture.h */ = {isa = PBXFileReference; fileEncoding = 4; lastKnownFileType = sourcecode.c.h; path = Texture.h; sourceTree = "<group>"; };
		4374A684137C7E9C003F7907 /* Timer.h */ = {isa = PBXFileReference; fileEncoding = 4; lastKnownFileType = sourcecode.c.h; path = Timer.h; sourceTree = "<group>"; };
		4374A685137C7E9C003F7907 /* TouchSource.h */ = {isa = PBXFileReference; fileEncoding = 4; lastKnownFileType = sourcecode.c.h; path = TouchSource.h; sourceTree = "<group>"; };
		4374A686137C7E9C003F7907 /* Trail.h */ = {isa = PBXFileReference; fileEncoding = 4; lastKnownFileType = sourcecode.c.h; path = Trail.h; sourceTree = "<group>"; };
		4374A687137C7E9C003F7907 /* Utils.h */ = {isa = PBXFileReference; fileEncoding = 4; lastKnownFileType = sourcecode.c.h; path = Utils.h; sourceTree = "<group>"; };
		4374A688137C7E9C003F7907 /* Vector.h */ = {isa = PBXFileReference; fileEncoding = 4; lastKnownFileType = sourcecode.c.h; path = Vector.h; sourceTree = "<group>"; };
		4374A689137C7E9C003F7907 /* Viewport.h */ = {isa = PBXFileReference; fileEncoding = 4; lastKnownFileType = sourcecode.c.h; path = Viewport.h; sourceTree = "<group>"; };
		4374A68B137C7E9C003F7907 /* Dojo-Info.plist */ = {isa = PBXFileReference; fileEncoding = 4; lastKnownFileType = text.plist.xml; path = "Dojo-Info.plist"; sourceTree = "<group>"; };
		4374A68C137C7E9C003F7907 /* Dojo-Prefix.pch */ = {isa = PBXFileReference; fileEncoding = 4; lastKnownFileType = sourcecode.c.h; path = "Dojo-Prefix.pch"; sourceTree = "<group>"; };
		4374A68D137C7E9C003F7907 /* OSXPlatform.h */ = {isa = PBXFileReference; fileEncoding = 4; lastKnownFileType = sourcecode.c.h; path = OSXPlatform.h; sourceTree = "<group>"; };
		4374A68E137C7E9C003F7907 /* OSXPlatform.mm */ = {isa = PBXFileReference; fileEncoding = 4; lastKnownFileType = sourcecode.cpp.objcpp; path = OSXPlatform.mm; sourceTree = "<group>"; };
		4374A690137C7E9C003F7907 /* AnimatedQuad.cpp */ = {isa = PBXFileReference; fileEncoding = 4; lastKnownFileType = sourcecode.cpp.cpp; path = AnimatedQuad.cpp; sourceTree = "<group>"; };
		4374A691137C7E9C003F7907 /* Color.cpp */ = {isa = PBXFileReference; fileEncoding = 4; lastKnownFileType = sourcecode.cpp.cpp; path = Color.cpp; sourceTree = "<group>"; };
		4374A692137C7E9C003F7907 /* dojomath.cpp */ = {isa = PBXFileReference; fileEncoding = 4; lastKnownFileType = sourcecode.cpp.cpp; path = dojomath.cpp; sourceTree = "<group>"; };
		4374A693137C7E9C003F7907 /* Font.cpp */ = {isa = PBXFileReference; fileEncoding = 4; lastKnownFileType = sourcecode.cpp.cpp; path = Font.cpp; sourceTree = "<group>"; };
		4374A694137C7E9C003F7907 /* FrameSet.cpp */ = {isa = PBXFileReference; fileEncoding = 4; lastKnownFileType = sourcecode.cpp.cpp; path = FrameSet.cpp; sourceTree = "<group>"; };
		4374A695137C7E9C003F7907 /* Game.cpp */ = {isa = PBXFileReference; fileEncoding = 4; lastKnownFileType = sourcecode.cpp.cpp; path = Game.cpp; sourceTree = "<group>"; };
		4374A696137C7E9C003F7907 /* GameState.cpp */ = {isa = PBXFileReference; fileEncoding = 4; lastKnownFileType = sourcecode.cpp.cpp; path = GameState.cpp; sourceTree = "<group>"; };
		4374A697137C7E9C003F7907 /* Mesh.cpp */ = {isa = PBXFileReference; fileEncoding = 4; lastKnownFileType = sourcecode.cpp.cpp; path = Mesh.cpp; sourceTree = "<group>"; };
		4374A698137C7E9C003F7907 /* Object.cpp */ = {isa = PBXFileReference; fileEncoding = 4; lastKnownFileType = sourcecode.cpp.cpp; path = Object.cpp; sourceTree = "<group>"; };
		4374A699137C7E9C003F7907 /* ParticlePool.cpp */ = {isa = PBXFileReference; fileEncoding = 4; lastKnownFileType = sourcecode.cpp.cpp; path = ParticlePool.cpp; sourceTree = "<group>"; };
		4374A69A137C7E9C003F7907 /* Platform.cpp */ = {isa = PBXFileReference; fileEncoding = 4; lastKnownFileType = sourcecode.cpp.cpp; path = Platform.cpp; sourceTree = "<group>"; };
		4374A69B137C7E9C003F7907 /* Render.cpp */ = {isa = PBXFileReference; fileEncoding = 4; lastKnownFileType = sourcecode.cpp.cpp; path = Render.cpp; sourceTree = "<group>"; };
		4374A69C137C7E9C003F7907 /* Renderable.cpp */ = {isa = PBXFileReference; fileEncoding = 4; lastKnownFileType = sourcecode.cpp.cpp; path = Renderable.cpp; sourceTree = "<group>"; };
		4374A69D137C7E9C003F7907 /* RenderState.cpp */ = {isa = PBXFileReference; fileEncoding = 4; lastKnownFileType = sourcecode.cpp.cpp; path = RenderState.cpp; sourceTree = "<group>"; };
		4374A69E137C7E9C003F7907 /* ResourceGroup.cpp */ = {isa = PBXFileReference; fileEncoding = 4; lastKnownFileType = sourcecode.cpp.cpp; path = ResourceGroup.cpp; sourceTree = "<group>"; };
		4374A69F137C7E9C003F7907 /* SoundBuffer.cpp */ = {isa = PBXFileReference; fileEncoding = 4; lastKnownFileType = sourcecode.cpp.cpp; path = SoundBuffer.cpp; sourceTree = "<group>"; };
		4374A6A0137C7E9C003F7907 /* SoundManager.cpp */ = {isa = PBXFileReference; fileEncoding = 4; lastKnownFileType = sourcecode.cpp.cpp; path = SoundManager.cpp; sourceTree = "<group>"; };
		4374A6A1137C7E9C003F7907 /* SoundSource.cpp */ = {isa = PBXFileReference; fileEncoding = 4; lastKnownFileType = sourcecode.cpp.cpp; path = SoundSource.cpp; sourceTree = "<group>"; };
		4374A6A2137C7E9C003F7907 /* Sprite.cpp */ = {isa = PBXFileReference; fileEncoding = 4; lastKnownFileType = sourcecode.cpp.cpp; path = Sprite.cpp; sourceTree = "<group>"; };
		4374A6A3137C7E9C003F7907 /* Table.cpp */ = {isa = PBXFileReference; fileEncoding = 4; lastKnownFileType = sourcecode.cpp.cpp; path = Table.cpp; sourceTree = "<group>"; };
		4374A6A4137C7E9C003F7907 /* TextArea.cpp */ = {isa = PBXFileReference; fileEncoding = 4; lastKnownFileType = sourcecode.cpp.cpp; path = TextArea.cpp; sourceTree = "<group>"; };
		4374A6A5137C7E9C003F7907 /* Texture.cpp */ = {isa = PBXFileReference; fileEncoding = 4; lastKnownFileType = sourcecode.cpp.cpp; path = Texture.cpp; sourceTree = "<group>"; };
		4374A6A6137C7E9C003F7907 /* TouchSource.cpp */ = {isa = PBXFileReference; fileEncoding = 4; lastKnownFileType = sourcecode.cpp.cpp; path = TouchSource.cpp; sourceTree = "<group>"; };
		4374A6A7137C7E9C003F7907 /* Trail.cpp */ = {isa = PBXFileReference; fileEncoding = 4; lastKnownFileType = sourcecode.cpp.cpp; path = Trail.cpp; sourceTree = "<group>"; };
		4374A6A8137C7E9C003F7907 /* Vector.cpp */ = {isa = PBXFileReference; fileEncoding = 4; lastKnownFileType = sourcecode.cpp.cpp; path = Vector.cpp; sourceTree = "<group>"; };
		4374A6A9137C7E9C003F7907 /* Viewport.cpp */ = {isa = PBXFileReference; fileEncoding = 4; lastKnownFileType = sourcecode.cpp.cpp; path = Viewport.cpp; sourceTree = "<group>"; };
/* End PBXFileReference section */

/* Begin PBXFrameworksBuildPhase section */
		4374A645137C7D6E003F7907 /* Frameworks */ = {
			isa = PBXFrameworksBuildPhase;
			buildActionMask = 2147483647;
			files = (
				4374A661137C7E55003F7907 /* OpenGL.framework in Frameworks */,
				4374A65F137C7E50003F7907 /* OpenAL.framework in Frameworks */,
				4374A64D137C7D6E003F7907 /* Cocoa.framework in Frameworks */,
			);
			runOnlyForDeploymentPostprocessing = 0;
		};
/* End PBXFrameworksBuildPhase section */

/* Begin PBXGroup section */
		4374A63D137C7D6E003F7907 = {
			isa = PBXGroup;
			children = (
				4374A662137C7E9C003F7907 /* include */,
				4374A68A137C7E9C003F7907 /* OSX */,
				4374A68F137C7E9C003F7907 /* src */,
				4374A64B137C7D6E003F7907 /* Frameworks */,
				4374A64A137C7D6E003F7907 /* Products */,
			);
			sourceTree = "<group>";
		};
		4374A64A137C7D6E003F7907 /* Products */ = {
			isa = PBXGroup;
			children = (
				4374A649137C7D6E003F7907 /* dojo.framework */,
			);
			name = Products;
			sourceTree = "<group>";
		};
		4374A64B137C7D6E003F7907 /* Frameworks */ = {
			isa = PBXGroup;
			children = (
				4374A660137C7E55003F7907 /* OpenGL.framework */,
				4374A65E137C7E50003F7907 /* OpenAL.framework */,
				4374A64F137C7D6E003F7907 /* AppKit.framework */,
				4374A650137C7D6E003F7907 /* CoreData.framework */,
				4374A651137C7D6E003F7907 /* Foundation.framework */,
				4374A64C137C7D6E003F7907 /* Cocoa.framework */,
			);
			name = Frameworks;
			sourceTree = "<group>";
		};
		4374A662137C7E9C003F7907 /* include */ = {
			isa = PBXGroup;
			children = (
				4374A663137C7E9C003F7907 /* AnimatedQuad.h */,
				4374A664137C7E9C003F7907 /* Array.h */,
				4374A665137C7E9C003F7907 /* BaseObject.h */,
				4374A666137C7E9C003F7907 /* Buffer.h */,
				4374A667137C7E9C003F7907 /* Color.h */,
				4374A668137C7E9C003F7907 /* dojo_common_header.h */,
				4374A669137C7E9C003F7907 /* dojo_config.h */,
				4374A66A137C7E9C003F7907 /* dojomath.h */,
				4374A66B137C7E9C003F7907 /* Font.h */,
				4374A66C137C7E9C003F7907 /* FrameSet.h */,
				4374A66D137C7E9C003F7907 /* Game.h */,
				4374A66E137C7E9C003F7907 /* GameState.h */,
				4374A66F137C7E9C003F7907 /* Mesh.h */,
				4374A670137C7E9C003F7907 /* Model.h */,
				4374A671137C7E9C003F7907 /* Object.h */,
				4374A672137C7E9C003F7907 /* Particle.h */,
				4374A673137C7E9C003F7907 /* ParticlePool.h */,
				4374A674137C7E9C003F7907 /* Platform.h */,
				4374A675137C7E9C003F7907 /* Render.h */,
				4374A676137C7E9C003F7907 /* Renderable.h */,
				4374A677137C7E9C003F7907 /* RenderState.h */,
				4374A678137C7E9C003F7907 /* ResourceGroup.h */,
				4374A679137C7E9C003F7907 /* Serializable.h */,
				4374A67A137C7E9C003F7907 /* SoundBuffer.h */,
				4374A67B137C7E9C003F7907 /* SoundManager.h */,
				4374A67C137C7E9C003F7907 /* SoundSet.h */,
				4374A67D137C7E9C003F7907 /* SoundSource.h */,
				4374A67E137C7E9C003F7907 /* Sprite.h */,
				4374A67F137C7E9C003F7907 /* StateInterface.h */,
				4374A680137C7E9C003F7907 /* stdafx.h */,
				4374A681137C7E9C003F7907 /* Table.h */,
				4374A682137C7E9C003F7907 /* TextArea.h */,
				4374A683137C7E9C003F7907 /* Texture.h */,
				4374A684137C7E9C003F7907 /* Timer.h */,
				4374A685137C7E9C003F7907 /* TouchSource.h */,
				4374A686137C7E9C003F7907 /* Trail.h */,
				4374A687137C7E9C003F7907 /* Utils.h */,
				4374A688137C7E9C003F7907 /* Vector.h */,
				4374A689137C7E9C003F7907 /* Viewport.h */,
			);
			path = include;
			sourceTree = "<group>";
		};
		4374A68A137C7E9C003F7907 /* OSX */ = {
			isa = PBXGroup;
			children = (
				4374A68B137C7E9C003F7907 /* Dojo-Info.plist */,
				4374A68C137C7E9C003F7907 /* Dojo-Prefix.pch */,
				4374A68D137C7E9C003F7907 /* OSXPlatform.h */,
				4374A68E137C7E9C003F7907 /* OSXPlatform.mm */,
			);
			path = OSX;
			sourceTree = "<group>";
		};
		4374A68F137C7E9C003F7907 /* src */ = {
			isa = PBXGroup;
			children = (
				4374A690137C7E9C003F7907 /* AnimatedQuad.cpp */,
				4374A691137C7E9C003F7907 /* Color.cpp */,
				4374A692137C7E9C003F7907 /* dojomath.cpp */,
				4374A693137C7E9C003F7907 /* Font.cpp */,
				4374A694137C7E9C003F7907 /* FrameSet.cpp */,
				4374A695137C7E9C003F7907 /* Game.cpp */,
				4374A696137C7E9C003F7907 /* GameState.cpp */,
				4374A697137C7E9C003F7907 /* Mesh.cpp */,
				4374A698137C7E9C003F7907 /* Object.cpp */,
				4374A699137C7E9C003F7907 /* ParticlePool.cpp */,
				4374A69A137C7E9C003F7907 /* Platform.cpp */,
				4374A69B137C7E9C003F7907 /* Render.cpp */,
				4374A69C137C7E9C003F7907 /* Renderable.cpp */,
				4374A69D137C7E9C003F7907 /* RenderState.cpp */,
				4374A69E137C7E9C003F7907 /* ResourceGroup.cpp */,
				4374A69F137C7E9C003F7907 /* SoundBuffer.cpp */,
				4374A6A0137C7E9C003F7907 /* SoundManager.cpp */,
				4374A6A1137C7E9C003F7907 /* SoundSource.cpp */,
				4374A6A2137C7E9C003F7907 /* Sprite.cpp */,
				4374A6A3137C7E9C003F7907 /* Table.cpp */,
				4374A6A4137C7E9C003F7907 /* TextArea.cpp */,
				4374A6A5137C7E9C003F7907 /* Texture.cpp */,
				4374A6A6137C7E9C003F7907 /* TouchSource.cpp */,
				4374A6A7137C7E9C003F7907 /* Trail.cpp */,
				4374A6A8137C7E9C003F7907 /* Vector.cpp */,
				4374A6A9137C7E9C003F7907 /* Viewport.cpp */,
			);
			path = src;
			sourceTree = "<group>";
		};
/* End PBXGroup section */

/* Begin PBXHeadersBuildPhase section */
		4374A646137C7D6E003F7907 /* Headers */ = {
			isa = PBXHeadersBuildPhase;
			buildActionMask = 2147483647;
			files = (
				4374A6AA137C7E9C003F7907 /* AnimatedQuad.h in Headers */,
				4374A6AB137C7E9C003F7907 /* Array.h in Headers */,
				4374A6AC137C7E9C003F7907 /* BaseObject.h in Headers */,
				4374A6AD137C7E9C003F7907 /* Buffer.h in Headers */,
				4374A6AE137C7E9C003F7907 /* Color.h in Headers */,
				4374A6AF137C7E9C003F7907 /* dojo_common_header.h in Headers */,
				4374A6B0137C7E9C003F7907 /* dojo_config.h in Headers */,
				4374A6B1137C7E9C003F7907 /* dojomath.h in Headers */,
				4374A6B2137C7E9C003F7907 /* Font.h in Headers */,
				4374A6B3137C7E9C003F7907 /* FrameSet.h in Headers */,
				4374A6B4137C7E9C003F7907 /* Game.h in Headers */,
				4374A6B5137C7E9C003F7907 /* GameState.h in Headers */,
				4374A6B6137C7E9C003F7907 /* Mesh.h in Headers */,
				4374A6B7137C7E9C003F7907 /* Model.h in Headers */,
				4374A6B8137C7E9C003F7907 /* Object.h in Headers */,
				4374A6B9137C7E9C003F7907 /* Particle.h in Headers */,
				4374A6BA137C7E9C003F7907 /* ParticlePool.h in Headers */,
				4374A6BB137C7E9C003F7907 /* Platform.h in Headers */,
				4374A6BC137C7E9C003F7907 /* Render.h in Headers */,
				4374A6BD137C7E9C003F7907 /* Renderable.h in Headers */,
				4374A6BE137C7E9C003F7907 /* RenderState.h in Headers */,
				4374A6BF137C7E9C003F7907 /* ResourceGroup.h in Headers */,
				4374A6C0137C7E9C003F7907 /* Serializable.h in Headers */,
				4374A6C1137C7E9C003F7907 /* SoundBuffer.h in Headers */,
				4374A6C2137C7E9C003F7907 /* SoundManager.h in Headers */,
				4374A6C3137C7E9C003F7907 /* SoundSet.h in Headers */,
				4374A6C4137C7E9C003F7907 /* SoundSource.h in Headers */,
				4374A6C5137C7E9C003F7907 /* Sprite.h in Headers */,
				4374A6C6137C7E9C003F7907 /* StateInterface.h in Headers */,
				4374A6C7137C7E9C003F7907 /* stdafx.h in Headers */,
				4374A6C8137C7E9C003F7907 /* Table.h in Headers */,
				4374A6C9137C7E9C003F7907 /* TextArea.h in Headers */,
				4374A6CA137C7E9C003F7907 /* Texture.h in Headers */,
				4374A6CB137C7E9C003F7907 /* Timer.h in Headers */,
				4374A6CC137C7E9C003F7907 /* TouchSource.h in Headers */,
				4374A6CD137C7E9C003F7907 /* Trail.h in Headers */,
				4374A6CE137C7E9C003F7907 /* Utils.h in Headers */,
				4374A6CF137C7E9C003F7907 /* Vector.h in Headers */,
				4374A6D0137C7E9C003F7907 /* Viewport.h in Headers */,
				4374A6D2137C7E9C003F7907 /* Dojo-Prefix.pch in Headers */,
				4374A6D3137C7E9C003F7907 /* OSXPlatform.h in Headers */,
			);
			runOnlyForDeploymentPostprocessing = 0;
		};
/* End PBXHeadersBuildPhase section */

/* Begin PBXNativeTarget section */
		4374A648137C7D6E003F7907 /* dojo */ = {
			isa = PBXNativeTarget;
			buildConfigurationList = 4374A65B137C7D6E003F7907 /* Build configuration list for PBXNativeTarget "dojo" */;
			buildPhases = (
				4374A644137C7D6E003F7907 /* Sources */,
				4374A645137C7D6E003F7907 /* Frameworks */,
				4374A646137C7D6E003F7907 /* Headers */,
				4374A647137C7D6E003F7907 /* Resources */,
			);
			buildRules = (
			);
			dependencies = (
			);
			name = dojo;
			productName = dojo;
			productReference = 4374A649137C7D6E003F7907 /* dojo.framework */;
			productType = "com.apple.product-type.framework";
		};
/* End PBXNativeTarget section */

/* Begin PBXProject section */
		4374A63F137C7D6E003F7907 /* Project object */ = {
			isa = PBXProject;
			attributes = {
				ORGANIZATIONNAME = none;
			};
			buildConfigurationList = 4374A642137C7D6E003F7907 /* Build configuration list for PBXProject "dojo" */;
			compatibilityVersion = "Xcode 3.2";
			developmentRegion = English;
			hasScannedForEncodings = 0;
			knownRegions = (
				en,
			);
			mainGroup = 4374A63D137C7D6E003F7907;
			productRefGroup = 4374A64A137C7D6E003F7907 /* Products */;
			projectDirPath = "";
			projectRoot = "";
			targets = (
				4374A648137C7D6E003F7907 /* dojo */,
			);
		};
/* End PBXProject section */

/* Begin PBXResourcesBuildPhase section */
		4374A647137C7D6E003F7907 /* Resources */ = {
			isa = PBXResourcesBuildPhase;
			buildActionMask = 2147483647;
			files = (
				4374A6D1137C7E9C003F7907 /* Dojo-Info.plist in Resources */,
			);
			runOnlyForDeploymentPostprocessing = 0;
		};
/* End PBXResourcesBuildPhase section */

/* Begin PBXSourcesBuildPhase section */
		4374A644137C7D6E003F7907 /* Sources */ = {
			isa = PBXSourcesBuildPhase;
			buildActionMask = 2147483647;
			files = (
				4374A6D4137C7E9C003F7907 /* OSXPlatform.mm in Sources */,
				4374A6D5137C7E9C003F7907 /* AnimatedQuad.cpp in Sources */,
				4374A6D6137C7E9C003F7907 /* Color.cpp in Sources */,
				4374A6D7137C7E9C003F7907 /* dojomath.cpp in Sources */,
				4374A6D8137C7E9C003F7907 /* Font.cpp in Sources */,
				4374A6D9137C7E9C003F7907 /* FrameSet.cpp in Sources */,
				4374A6DA137C7E9C003F7907 /* Game.cpp in Sources */,
				4374A6DB137C7E9C003F7907 /* GameState.cpp in Sources */,
				4374A6DC137C7E9C003F7907 /* Mesh.cpp in Sources */,
				4374A6DD137C7E9C003F7907 /* Object.cpp in Sources */,
				4374A6DE137C7E9C003F7907 /* ParticlePool.cpp in Sources */,
				4374A6DF137C7E9C003F7907 /* Platform.cpp in Sources */,
				4374A6E0137C7E9C003F7907 /* Render.cpp in Sources */,
				4374A6E1137C7E9C003F7907 /* Renderable.cpp in Sources */,
				4374A6E2137C7E9C003F7907 /* RenderState.cpp in Sources */,
				4374A6E3137C7E9C003F7907 /* ResourceGroup.cpp in Sources */,
				4374A6E4137C7E9C003F7907 /* SoundBuffer.cpp in Sources */,
				4374A6E5137C7E9C003F7907 /* SoundManager.cpp in Sources */,
				4374A6E6137C7E9C003F7907 /* SoundSource.cpp in Sources */,
				4374A6E7137C7E9C003F7907 /* Sprite.cpp in Sources */,
				4374A6E8137C7E9C003F7907 /* Table.cpp in Sources */,
				4374A6E9137C7E9C003F7907 /* TextArea.cpp in Sources */,
				4374A6EA137C7E9C003F7907 /* Texture.cpp in Sources */,
				4374A6EB137C7E9C003F7907 /* TouchSource.cpp in Sources */,
				4374A6EC137C7E9C003F7907 /* Trail.cpp in Sources */,
				4374A6ED137C7E9C003F7907 /* Vector.cpp in Sources */,
				4374A6EE137C7E9C003F7907 /* Viewport.cpp in Sources */,
			);
			runOnlyForDeploymentPostprocessing = 0;
		};
/* End PBXSourcesBuildPhase section */

/* Begin XCBuildConfiguration section */
		4374A659137C7D6E003F7907 /* Debug */ = {
			isa = XCBuildConfiguration;
			buildSettings = {
				ARCHS = "$(ARCHS_STANDARD_32_64_BIT)";
				GCC_C_LANGUAGE_STANDARD = gnu99;
				GCC_OPTIMIZATION_LEVEL = 0;
				GCC_PREPROCESSOR_DEFINITIONS = DEBUG;
				GCC_SYMBOLS_PRIVATE_EXTERN = NO;
				GCC_VERSION = com.apple.compilers.llvm.clang.1_0;
				GCC_WARN_64_TO_32_BIT_CONVERSION = YES;
				GCC_WARN_ABOUT_RETURN_TYPE = YES;
				GCC_WARN_UNUSED_VARIABLE = YES;
				MACOSX_DEPLOYMENT_TARGET = 10.6;
				ONLY_ACTIVE_ARCH = YES;
				SDKROOT = macosx;
			};
			name = Debug;
		};
		4374A65A137C7D6E003F7907 /* Release */ = {
			isa = XCBuildConfiguration;
			buildSettings = {
				ARCHS = "$(ARCHS_STANDARD_32_64_BIT)";
				GCC_C_LANGUAGE_STANDARD = gnu99;
				GCC_VERSION = com.apple.compilers.llvm.clang.1_0;
				GCC_WARN_64_TO_32_BIT_CONVERSION = YES;
				GCC_WARN_ABOUT_RETURN_TYPE = YES;
				GCC_WARN_UNUSED_VARIABLE = YES;
				MACOSX_DEPLOYMENT_TARGET = 10.6;
				SDKROOT = macosx;
			};
			name = Release;
		};
		4374A65C137C7D6E003F7907 /* Debug */ = {
			isa = XCBuildConfiguration;
			buildSettings = {
				ALWAYS_SEARCH_USER_PATHS = NO;
				COPY_PHASE_STRIP = NO;
				DYLIB_COMPATIBILITY_VERSION = 1;
				DYLIB_CURRENT_VERSION = 1;
				FRAMEWORK_VERSION = A;
				GCC_DYNAMIC_NO_PIC = NO;
				GCC_ENABLE_OBJC_EXCEPTIONS = YES;
				GCC_PRECOMPILE_PREFIX_HEADER = YES;
				GCC_PREFIX_HEADER = "OSX/dojo-Prefix.pch";
				INFOPLIST_FILE = "OSX/dojo-Info.plist";
				PRODUCT_NAME = "$(TARGET_NAME)";
				WRAPPER_EXTENSION = framework;
			};
			name = Debug;
		};
		4374A65D137C7D6E003F7907 /* Release */ = {
			isa = XCBuildConfiguration;
			buildSettings = {
				ALWAYS_SEARCH_USER_PATHS = NO;
				COPY_PHASE_STRIP = YES;
				DEBUG_INFORMATION_FORMAT = "dwarf-with-dsym";
				DYLIB_COMPATIBILITY_VERSION = 1;
				DYLIB_CURRENT_VERSION = 1;
				FRAMEWORK_VERSION = A;
				GCC_ENABLE_OBJC_EXCEPTIONS = YES;
				GCC_PRECOMPILE_PREFIX_HEADER = YES;
				GCC_PREFIX_HEADER = "OSX/dojo-Prefix.pch";
				INFOPLIST_FILE = "OSX/dojo-Info.plist";
				PRODUCT_NAME = "$(TARGET_NAME)";
				WRAPPER_EXTENSION = framework;
			};
			name = Release;
		};
/* End XCBuildConfiguration section */

/* Begin XCConfigurationList section */
		4374A642137C7D6E003F7907 /* Build configuration list for PBXProject "dojo" */ = {
			isa = XCConfigurationList;
			buildConfigurations = (
				4374A659137C7D6E003F7907 /* Debug */,
				4374A65A137C7D6E003F7907 /* Release */,
			);
			defaultConfigurationIsVisible = 0;
			defaultConfigurationName = Release;
		};
		4374A65B137C7D6E003F7907 /* Build configuration list for PBXNativeTarget "dojo" */ = {
			isa = XCConfigurationList;
			buildConfigurations = (
				4374A65C137C7D6E003F7907 /* Debug */,
				4374A65D137C7D6E003F7907 /* Release */,
			);
			defaultConfigurationIsVisible = 0;
		};
/* End XCConfigurationList section */
	};
	rootObject = 4374A63F137C7D6E003F7907 /* Project object */;
}
